
Microsoft Visual Studio Solution File, Format Version 12.00
# Visual Studio Version 16
VisualStudioVersion = 16.0.29102.190
MinimumVisualStudioVersion = 10.0.40219.1
Project("{FAE04EC0-301F-11D3-BF4B-00C04F79EFBC}") = "AsyncAwait", "AsyncAwait.csproj", "{7C656A51-B938-47E6-8DAE-9606C835C75A}"
EndProject
Global
	GlobalSection(SolutionConfigurationPlatforms) = preSolution
		Debug|Any CPU = Debug|Any CPU
		Release|Any CPU = Release|Any CPU
	EndGlobalSection
	GlobalSection(ProjectConfigurationPlatforms) = postSolution
		{7C656A51-B938-47E6-8DAE-9606C835C75A}.Debug|Any CPU.ActiveCfg = Debug|Any CPU
		{7C656A51-B938-47E6-8DAE-9606C835C75A}.Debug|Any CPU.Build.0 = Debug|Any CPU
		{7C656A51-B938-47E6-8DAE-9606C835C75A}.Release|Any CPU.ActiveCfg = Release|Any CPU
		{7C656A51-B938-47E6-8DAE-9606C835C75A}.Release|Any CPU.Build.0 = Release|Any CPU
	EndGlobalSection
	GlobalSection(SolutionProperties) = preSolution
		HideSolutionNode = FALSE
	EndGlobalSection
	GlobalSection(ExtensibilityGlobals) = postSolution
		SolutionGuid = {35405336-F728-4980-B44E-AD9D53E48E7D}
	EndGlobalSection
EndGlobal
