
Microsoft Visual Studio Solution File, Format Version 12.00
# Visual Studio 15
Project("{FAE04EC0-301F-11D3-BF4B-00C04F79EFBC}") = "EventsDemo", "EventsDemo\EventsDemo.csproj", "{8AF305EC-B1F0-4072-8F9E-4B497640CE58}"
EndProject
Global
	GlobalSection(SolutionConfigurationPlatforms) = preSolution
		Debug|Any CPU = Debug|Any CPU
		Release|Any CPU = Release|Any CPU
	EndGlobalSection
	GlobalSection(ProjectConfigurationPlatforms) = postSolution
		{8AF305EC-B1F0-4072-8F9E-4B497640CE58}.Debug|Any CPU.ActiveCfg = Debug|Any CPU
		{8AF305EC-B1F0-4072-8F9E-4B497640CE58}.Debug|Any CPU.Build.0 = Debug|Any CPU
		{8AF305EC-B1F0-4072-8F9E-4B497640CE58}.Release|Any CPU.ActiveCfg = Release|Any CPU
		{8AF305EC-B1F0-4072-8F9E-4B497640CE58}.Release|Any CPU.Build.0 = Release|Any CPU
	EndGlobalSection
EndGlobal
