
Microsoft Visual Studio Solution File, Format Version 12.00
# Visual Studio Version 16
VisualStudioVersion = 16.0.29102.190
MinimumVisualStudioVersion = 10.0.40219.1
Project("{FAE04EC0-301F-11D3-BF4B-00C04F79EFBC}") = "Tuples", "Tuples.csproj", "{5233696B-02A4-4205-BDDA-09DD4BCC9D7D}"
EndProject
Global
	GlobalSection(SolutionConfigurationPlatforms) = preSolution
		Debug|Any CPU = Debug|Any CPU
		Release|Any CPU = Release|Any CPU
	EndGlobalSection
	GlobalSection(ProjectConfigurationPlatforms) = postSolution
		{5233696B-02A4-4205-BDDA-09DD4BCC9D7D}.Debug|Any CPU.ActiveCfg = Debug|Any CPU
		{5233696B-02A4-4205-BDDA-09DD4BCC9D7D}.Debug|Any CPU.Build.0 = Debug|Any CPU
		{5233696B-02A4-4205-BDDA-09DD4BCC9D7D}.Release|Any CPU.ActiveCfg = Release|Any CPU
		{5233696B-02A4-4205-BDDA-09DD4BCC9D7D}.Release|Any CPU.Build.0 = Release|Any CPU
	EndGlobalSection
	GlobalSection(SolutionProperties) = preSolution
		HideSolutionNode = FALSE
	EndGlobalSection
	GlobalSection(ExtensibilityGlobals) = postSolution
		SolutionGuid = {AA118C54-45AA-4BCA-99D5-DFC9774A4560}
	EndGlobalSection
EndGlobal
