
Microsoft Visual Studio Solution File, Format Version 12.00
# Visual Studio Version 16
VisualStudioVersion = 16.0.29123.88
MinimumVisualStudioVersion = 10.0.40219.1
Project("{FAE04EC0-301F-11D3-BF4B-00C04F79EFBC}") = "AnonymousFunctions", "AnonymousFunctions.csproj", "{A70DF573-25D7-455B-9231-0BDB69B22F7C}"
EndProject
Global
	GlobalSection(SolutionConfigurationPlatforms) = preSolution
		Debug|Any CPU = Debug|Any CPU
		Release|Any CPU = Release|Any CPU
	EndGlobalSection
	GlobalSection(ProjectConfigurationPlatforms) = postSolution
		{A70DF573-25D7-455B-9231-0BDB69B22F7C}.Debug|Any CPU.ActiveCfg = Debug|Any CPU
		{A70DF573-25D7-455B-9231-0BDB69B22F7C}.Debug|Any CPU.Build.0 = Debug|Any CPU
		{A70DF573-25D7-455B-9231-0BDB69B22F7C}.Release|Any CPU.ActiveCfg = Release|Any CPU
		{A70DF573-25D7-455B-9231-0BDB69B22F7C}.Release|Any CPU.Build.0 = Release|Any CPU
	EndGlobalSection
	GlobalSection(SolutionProperties) = preSolution
		HideSolutionNode = FALSE
	EndGlobalSection
	GlobalSection(ExtensibilityGlobals) = postSolution
		SolutionGuid = {E650D251-9E2A-415B-B0C3-8616725D9AA7}
	EndGlobalSection
EndGlobal
