
Microsoft Visual Studio Solution File, Format Version 12.00
# Visual Studio Version 16
VisualStudioVersion = 16.0.29709.97
MinimumVisualStudioVersion = 10.0.40219.1
Project("{FAE04EC0-301F-11D3-BF4B-00C04F79EFBC}") = "StackLayout.Android", "StackLayout.Android\StackLayout.Android.csproj", "{A553402A-76FC-41B3-8047-BA03ABC27888}"
EndProject
Project("{FAE04EC0-301F-11D3-BF4B-00C04F79EFBC}") = "StackLayout.iOS", "StackLayout.iOS\StackLayout.iOS.csproj", "{73FCA17C-EEE1-4860-B10B-720FF535FA7B}"
EndProject
Project("{FAE04EC0-301F-11D3-BF4B-00C04F79EFBC}") = "StackLayout", "StackLayout\StackLayout.csproj", "{881951FD-CE61-4A1E-9E3D-DF4C601A9773}"
EndProject
Global
	GlobalSection(SolutionConfigurationPlatforms) = preSolution
		Debug|Any CPU = Debug|Any CPU
		Debug|iPhone = Debug|iPhone
		Debug|iPhoneSimulator = Debug|iPhoneSimulator
		Release|Any CPU = Release|Any CPU
		Release|iPhone = Release|iPhone
		Release|iPhoneSimulator = Release|iPhoneSimulator
	EndGlobalSection
	GlobalSection(ProjectConfigurationPlatforms) = postSolution
		{A553402A-76FC-41B3-8047-BA03ABC27888}.Debug|Any CPU.ActiveCfg = Debug|Any CPU
		{A553402A-76FC-41B3-8047-BA03ABC27888}.Debug|Any CPU.Build.0 = Debug|Any CPU
		{A553402A-76FC-41B3-8047-BA03ABC27888}.Debug|Any CPU.Deploy.0 = Debug|Any CPU
		{A553402A-76FC-41B3-8047-BA03ABC27888}.Debug|iPhone.ActiveCfg = Debug|Any CPU
		{A553402A-76FC-41B3-8047-BA03ABC27888}.Debug|iPhone.Build.0 = Debug|Any CPU
		{A553402A-76FC-41B3-8047-BA03ABC27888}.Debug|iPhone.Deploy.0 = Debug|Any CPU
		{A553402A-76FC-41B3-8047-BA03ABC27888}.Debug|iPhoneSimulator.ActiveCfg = Debug|Any CPU
		{A553402A-76FC-41B3-8047-BA03ABC27888}.Debug|iPhoneSimulator.Build.0 = Debug|Any CPU
		{A553402A-76FC-41B3-8047-BA03ABC27888}.Debug|iPhoneSimulator.Deploy.0 = Debug|Any CPU
		{A553402A-76FC-41B3-8047-BA03ABC27888}.Release|Any CPU.ActiveCfg = Release|Any CPU
		{A553402A-76FC-41B3-8047-BA03ABC27888}.Release|Any CPU.Build.0 = Release|Any CPU
		{A553402A-76FC-41B3-8047-BA03ABC27888}.Release|Any CPU.Deploy.0 = Release|Any CPU
		{A553402A-76FC-41B3-8047-BA03ABC27888}.Release|iPhone.ActiveCfg = Release|Any CPU
		{A553402A-76FC-41B3-8047-BA03ABC27888}.Release|iPhone.Build.0 = Release|Any CPU
		{A553402A-76FC-41B3-8047-BA03ABC27888}.Release|iPhone.Deploy.0 = Release|Any CPU
		{A553402A-76FC-41B3-8047-BA03ABC27888}.Release|iPhoneSimulator.ActiveCfg = Release|Any CPU
		{A553402A-76FC-41B3-8047-BA03ABC27888}.Release|iPhoneSimulator.Build.0 = Release|Any CPU
		{A553402A-76FC-41B3-8047-BA03ABC27888}.Release|iPhoneSimulator.Deploy.0 = Release|Any CPU
		{73FCA17C-EEE1-4860-B10B-720FF535FA7B}.Debug|Any CPU.ActiveCfg = Debug|iPhoneSimulator
		{73FCA17C-EEE1-4860-B10B-720FF535FA7B}.Debug|Any CPU.Build.0 = Debug|iPhoneSimulator
		{73FCA17C-EEE1-4860-B10B-720FF535FA7B}.Debug|Any CPU.Deploy.0 = Debug|iPhoneSimulator
		{73FCA17C-EEE1-4860-B10B-720FF535FA7B}.Debug|iPhone.ActiveCfg = Debug|iPhone
		{73FCA17C-EEE1-4860-B10B-720FF535FA7B}.Debug|iPhone.Build.0 = Debug|iPhone
		{73FCA17C-EEE1-4860-B10B-720FF535FA7B}.Debug|iPhone.Deploy.0 = Debug|iPhone
		{73FCA17C-EEE1-4860-B10B-720FF535FA7B}.Debug|iPhoneSimulator.ActiveCfg = Debug|iPhoneSimulator
		{73FCA17C-EEE1-4860-B10B-720FF535FA7B}.Debug|iPhoneSimulator.Build.0 = Debug|iPhoneSimulator
		{73FCA17C-EEE1-4860-B10B-720FF535FA7B}.Debug|iPhoneSimulator.Deploy.0 = Debug|iPhoneSimulator
		{73FCA17C-EEE1-4860-B10B-720FF535FA7B}.Release|Any CPU.ActiveCfg = Release|iPhone
		{73FCA17C-EEE1-4860-B10B-720FF535FA7B}.Release|Any CPU.Build.0 = Release|iPhone
		{73FCA17C-EEE1-4860-B10B-720FF535FA7B}.Release|Any CPU.Deploy.0 = Release|iPhone
		{73FCA17C-EEE1-4860-B10B-720FF535FA7B}.Release|iPhone.ActiveCfg = Release|iPhone
		{73FCA17C-EEE1-4860-B10B-720FF535FA7B}.Release|iPhone.Build.0 = Release|iPhone
		{73FCA17C-EEE1-4860-B10B-720FF535FA7B}.Release|iPhone.Deploy.0 = Release|iPhone
		{73FCA17C-EEE1-4860-B10B-720FF535FA7B}.Release|iPhoneSimulator.ActiveCfg = Release|iPhoneSimulator
		{73FCA17C-EEE1-4860-B10B-720FF535FA7B}.Release|iPhoneSimulator.Build.0 = Release|iPhoneSimulator
		{73FCA17C-EEE1-4860-B10B-720FF535FA7B}.Release|iPhoneSimulator.Deploy.0 = Release|iPhoneSimulator
		{881951FD-CE61-4A1E-9E3D-DF4C601A9773}.Debug|Any CPU.ActiveCfg = Debug|Any CPU
		{881951FD-CE61-4A1E-9E3D-DF4C601A9773}.Debug|Any CPU.Build.0 = Debug|Any CPU
		{881951FD-CE61-4A1E-9E3D-DF4C601A9773}.Debug|Any CPU.Deploy.0 = Debug|Any CPU
		{881951FD-CE61-4A1E-9E3D-DF4C601A9773}.Debug|iPhone.ActiveCfg = Debug|Any CPU
		{881951FD-CE61-4A1E-9E3D-DF4C601A9773}.Debug|iPhone.Build.0 = Debug|Any CPU
		{881951FD-CE61-4A1E-9E3D-DF4C601A9773}.Debug|iPhone.Deploy.0 = Debug|Any CPU
		{881951FD-CE61-4A1E-9E3D-DF4C601A9773}.Debug|iPhoneSimulator.ActiveCfg = Debug|Any CPU
		{881951FD-CE61-4A1E-9E3D-DF4C601A9773}.Debug|iPhoneSimulator.Build.0 = Debug|Any CPU
		{881951FD-CE61-4A1E-9E3D-DF4C601A9773}.Debug|iPhoneSimulator.Deploy.0 = Debug|Any CPU
		{881951FD-CE61-4A1E-9E3D-DF4C601A9773}.Release|Any CPU.ActiveCfg = Release|Any CPU
		{881951FD-CE61-4A1E-9E3D-DF4C601A9773}.Release|Any CPU.Build.0 = Release|Any CPU
		{881951FD-CE61-4A1E-9E3D-DF4C601A9773}.Release|Any CPU.Deploy.0 = Release|Any CPU
		{881951FD-CE61-4A1E-9E3D-DF4C601A9773}.Release|iPhone.ActiveCfg = Release|Any CPU
		{881951FD-CE61-4A1E-9E3D-DF4C601A9773}.Release|iPhone.Build.0 = Release|Any CPU
		{881951FD-CE61-4A1E-9E3D-DF4C601A9773}.Release|iPhone.Deploy.0 = Release|Any CPU
		{881951FD-CE61-4A1E-9E3D-DF4C601A9773}.Release|iPhoneSimulator.ActiveCfg = Release|Any CPU
		{881951FD-CE61-4A1E-9E3D-DF4C601A9773}.Release|iPhoneSimulator.Build.0 = Release|Any CPU
		{881951FD-CE61-4A1E-9E3D-DF4C601A9773}.Release|iPhoneSimulator.Deploy.0 = Release|Any CPU
	EndGlobalSection
	GlobalSection(SolutionProperties) = preSolution
		HideSolutionNode = FALSE
	EndGlobalSection
	GlobalSection(ExtensibilityGlobals) = postSolution
		SolutionGuid = {1A88B57E-1D7B-484C-BD15-A0FC23F7690C}
	EndGlobalSection
EndGlobal
