
Microsoft Visual Studio Solution File, Format Version 12.00
# Visual Studio 15
Project("{FAE04EC0-301F-11D3-BF4B-00C04F79EFBC}") = "BindingsLecture.Android", "BindingsLecture.Android\BindingsLecture.Android.csproj", "{2AA82E82-56AF-4EC9-97EC-4E6069BB8BD0}"
EndProject
Project("{FAE04EC0-301F-11D3-BF4B-00C04F79EFBC}") = "BindingsLecture.iOS", "BindingsLecture.iOS\BindingsLecture.iOS.csproj", "{577B2FF3-98B2-42C3-B095-1728651684EE}"
EndProject
Project("{FAE04EC0-301F-11D3-BF4B-00C04F79EFBC}") = "BindingsLecture", "BindingsLecture\BindingsLecture.csproj", "{079EE617-6FF5-4F19-B578-3CE61DB5537E}"
EndProject
Global
	GlobalSection(SolutionConfigurationPlatforms) = preSolution
		Debug|Any CPU = Debug|Any CPU
		Release|Any CPU = Release|Any CPU
		Debug|iPhoneSimulator = Debug|iPhoneSimulator
		Release|iPhoneSimulator = Release|iPhoneSimulator
		Debug|iPhone = Debug|iPhone
		Release|iPhone = Release|iPhone
	EndGlobalSection
	GlobalSection(ProjectConfigurationPlatforms) = postSolution
		{2AA82E82-56AF-4EC9-97EC-4E6069BB8BD0}.Debug|Any CPU.ActiveCfg = Debug|Any CPU
		{2AA82E82-56AF-4EC9-97EC-4E6069BB8BD0}.Debug|Any CPU.Build.0 = Debug|Any CPU
		{2AA82E82-56AF-4EC9-97EC-4E6069BB8BD0}.Release|Any CPU.ActiveCfg = Release|Any CPU
		{2AA82E82-56AF-4EC9-97EC-4E6069BB8BD0}.Release|Any CPU.Build.0 = Release|Any CPU
		{2AA82E82-56AF-4EC9-97EC-4E6069BB8BD0}.Debug|iPhoneSimulator.ActiveCfg = Debug|Any CPU
		{2AA82E82-56AF-4EC9-97EC-4E6069BB8BD0}.Debug|iPhoneSimulator.Build.0 = Debug|Any CPU
		{2AA82E82-56AF-4EC9-97EC-4E6069BB8BD0}.Release|iPhoneSimulator.ActiveCfg = Release|Any CPU
		{2AA82E82-56AF-4EC9-97EC-4E6069BB8BD0}.Release|iPhoneSimulator.Build.0 = Release|Any CPU
		{2AA82E82-56AF-4EC9-97EC-4E6069BB8BD0}.Debug|iPhone.ActiveCfg = Debug|Any CPU
		{2AA82E82-56AF-4EC9-97EC-4E6069BB8BD0}.Debug|iPhone.Build.0 = Debug|Any CPU
		{2AA82E82-56AF-4EC9-97EC-4E6069BB8BD0}.Release|iPhone.ActiveCfg = Release|Any CPU
		{2AA82E82-56AF-4EC9-97EC-4E6069BB8BD0}.Release|iPhone.Build.0 = Release|Any CPU
		{577B2FF3-98B2-42C3-B095-1728651684EE}.Debug|Any CPU.ActiveCfg = Debug|iPhoneSimulator
		{577B2FF3-98B2-42C3-B095-1728651684EE}.Debug|Any CPU.Build.0 = Debug|iPhoneSimulator
		{577B2FF3-98B2-42C3-B095-1728651684EE}.Release|Any CPU.ActiveCfg = Release|iPhoneSimulator
		{577B2FF3-98B2-42C3-B095-1728651684EE}.Release|Any CPU.Build.0 = Release|iPhoneSimulator
		{577B2FF3-98B2-42C3-B095-1728651684EE}.Debug|iPhoneSimulator.ActiveCfg = Debug|iPhoneSimulator
		{577B2FF3-98B2-42C3-B095-1728651684EE}.Debug|iPhoneSimulator.Build.0 = Debug|iPhoneSimulator
		{577B2FF3-98B2-42C3-B095-1728651684EE}.Release|iPhoneSimulator.ActiveCfg = Release|iPhoneSimulator
		{577B2FF3-98B2-42C3-B095-1728651684EE}.Release|iPhoneSimulator.Build.0 = Release|iPhoneSimulator
		{577B2FF3-98B2-42C3-B095-1728651684EE}.Debug|iPhone.ActiveCfg = Debug|iPhone
		{577B2FF3-98B2-42C3-B095-1728651684EE}.Debug|iPhone.Build.0 = Debug|iPhone
		{577B2FF3-98B2-42C3-B095-1728651684EE}.Release|iPhone.ActiveCfg = Release|iPhone
		{577B2FF3-98B2-42C3-B095-1728651684EE}.Release|iPhone.Build.0 = Release|iPhone
		{079EE617-6FF5-4F19-B578-3CE61DB5537E}.Debug|Any CPU.ActiveCfg = Debug|Any CPU
		{079EE617-6FF5-4F19-B578-3CE61DB5537E}.Debug|Any CPU.Build.0 = Debug|Any CPU
		{079EE617-6FF5-4F19-B578-3CE61DB5537E}.Release|Any CPU.ActiveCfg = Release|Any CPU
		{079EE617-6FF5-4F19-B578-3CE61DB5537E}.Release|Any CPU.Build.0 = Release|Any CPU
		{079EE617-6FF5-4F19-B578-3CE61DB5537E}.Debug|iPhoneSimulator.ActiveCfg = Debug|Any CPU
		{079EE617-6FF5-4F19-B578-3CE61DB5537E}.Debug|iPhoneSimulator.Build.0 = Debug|Any CPU
		{079EE617-6FF5-4F19-B578-3CE61DB5537E}.Release|iPhoneSimulator.ActiveCfg = Release|Any CPU
		{079EE617-6FF5-4F19-B578-3CE61DB5537E}.Release|iPhoneSimulator.Build.0 = Release|Any CPU
		{079EE617-6FF5-4F19-B578-3CE61DB5537E}.Debug|iPhone.ActiveCfg = Debug|Any CPU
		{079EE617-6FF5-4F19-B578-3CE61DB5537E}.Debug|iPhone.Build.0 = Debug|Any CPU
		{079EE617-6FF5-4F19-B578-3CE61DB5537E}.Release|iPhone.ActiveCfg = Release|Any CPU
		{079EE617-6FF5-4F19-B578-3CE61DB5537E}.Release|iPhone.Build.0 = Release|Any CPU
	EndGlobalSection
EndGlobal
