
Microsoft Visual Studio Solution File, Format Version 12.00
# Visual Studio Version 16
VisualStudioVersion = 16.0.29102.190
MinimumVisualStudioVersion = 10.0.40219.1
Project("{FAE04EC0-301F-11D3-BF4B-00C04F79EFBC}") = "EnumeratedTypes", "EnumeratedTypes.csproj", "{171EBBAE-AF2C-45A1-A69E-FC761DD3E4DD}"
EndProject
Global
	GlobalSection(SolutionConfigurationPlatforms) = preSolution
		Debug|Any CPU = Debug|Any CPU
		Release|Any CPU = Release|Any CPU
	EndGlobalSection
	GlobalSection(ProjectConfigurationPlatforms) = postSolution
		{171EBBAE-AF2C-45A1-A69E-FC761DD3E4DD}.Debug|Any CPU.ActiveCfg = Debug|Any CPU
		{171EBBAE-AF2C-45A1-A69E-FC761DD3E4DD}.Debug|Any CPU.Build.0 = Debug|Any CPU
		{171EBBAE-AF2C-45A1-A69E-FC761DD3E4DD}.Release|Any CPU.ActiveCfg = Release|Any CPU
		{171EBBAE-AF2C-45A1-A69E-FC761DD3E4DD}.Release|Any CPU.Build.0 = Release|Any CPU
	EndGlobalSection
	GlobalSection(SolutionProperties) = preSolution
		HideSolutionNode = FALSE
	EndGlobalSection
	GlobalSection(ExtensibilityGlobals) = postSolution
		SolutionGuid = {B0AE9856-16E9-4847-8CF6-C16E5F5B1514}
	EndGlobalSection
EndGlobal
