
Microsoft Visual Studio Solution File, Format Version 12.00
# Visual Studio 15
Project("{FAE04EC0-301F-11D3-BF4B-00C04F79EFBC}") = "AnonymousFunctions", "AnonymousFunctions\AnonymousFunctions.csproj", "{90A02DA6-FABC-4B1E-8EFF-6C865853F856}"
EndProject
Global
	GlobalSection(SolutionConfigurationPlatforms) = preSolution
		Debug|Any CPU = Debug|Any CPU
		Release|Any CPU = Release|Any CPU
	EndGlobalSection
	GlobalSection(ProjectConfigurationPlatforms) = postSolution
		{90A02DA6-FABC-4B1E-8EFF-6C865853F856}.Debug|Any CPU.ActiveCfg = Debug|Any CPU
		{90A02DA6-FABC-4B1E-8EFF-6C865853F856}.Debug|Any CPU.Build.0 = Debug|Any CPU
		{90A02DA6-FABC-4B1E-8EFF-6C865853F856}.Release|Any CPU.ActiveCfg = Release|Any CPU
		{90A02DA6-FABC-4B1E-8EFF-6C865853F856}.Release|Any CPU.Build.0 = Release|Any CPU
	EndGlobalSection
EndGlobal
