
Microsoft Visual Studio Solution File, Format Version 12.00
# Visual Studio 15
Project("{FAE04EC0-301F-11D3-BF4B-00C04F79EFBC}") = "ListViewWithoutBinding.Android", "ListViewWithoutBinding.Android\ListViewWithoutBinding.Android.csproj", "{60160A3D-87B9-4F9F-BFBE-6209C0CCCF7E}"
EndProject
Project("{FAE04EC0-301F-11D3-BF4B-00C04F79EFBC}") = "ListViewWithoutBinding.iOS", "ListViewWithoutBinding.iOS\ListViewWithoutBinding.iOS.csproj", "{125EC5EB-CF45-4F68-8524-00D4071F84FB}"
EndProject
Project("{D954291E-2A0B-460D-934E-DC6B0785DB48}") = "ListViewWithoutBinding", "ListViewWithoutBinding\ListViewWithoutBinding.shproj", "{74CE4E38-7436-4381-95DE-70D139019FF5}"
EndProject
Global
	GlobalSection(SolutionConfigurationPlatforms) = preSolution
		Debug|Any CPU = Debug|Any CPU
		Release|Any CPU = Release|Any CPU
		Debug|iPhoneSimulator = Debug|iPhoneSimulator
		Release|iPhoneSimulator = Release|iPhoneSimulator
		Debug|iPhone = Debug|iPhone
		Release|iPhone = Release|iPhone
	EndGlobalSection
	GlobalSection(ProjectConfigurationPlatforms) = postSolution
		{60160A3D-87B9-4F9F-BFBE-6209C0CCCF7E}.Debug|Any CPU.ActiveCfg = Debug|Any CPU
		{60160A3D-87B9-4F9F-BFBE-6209C0CCCF7E}.Debug|Any CPU.Build.0 = Debug|Any CPU
		{60160A3D-87B9-4F9F-BFBE-6209C0CCCF7E}.Release|Any CPU.ActiveCfg = Release|Any CPU
		{60160A3D-87B9-4F9F-BFBE-6209C0CCCF7E}.Release|Any CPU.Build.0 = Release|Any CPU
		{60160A3D-87B9-4F9F-BFBE-6209C0CCCF7E}.Debug|iPhoneSimulator.ActiveCfg = Debug|Any CPU
		{60160A3D-87B9-4F9F-BFBE-6209C0CCCF7E}.Debug|iPhoneSimulator.Build.0 = Debug|Any CPU
		{60160A3D-87B9-4F9F-BFBE-6209C0CCCF7E}.Release|iPhoneSimulator.ActiveCfg = Release|Any CPU
		{60160A3D-87B9-4F9F-BFBE-6209C0CCCF7E}.Release|iPhoneSimulator.Build.0 = Release|Any CPU
		{60160A3D-87B9-4F9F-BFBE-6209C0CCCF7E}.Debug|iPhone.ActiveCfg = Debug|Any CPU
		{60160A3D-87B9-4F9F-BFBE-6209C0CCCF7E}.Debug|iPhone.Build.0 = Debug|Any CPU
		{60160A3D-87B9-4F9F-BFBE-6209C0CCCF7E}.Release|iPhone.ActiveCfg = Release|Any CPU
		{60160A3D-87B9-4F9F-BFBE-6209C0CCCF7E}.Release|iPhone.Build.0 = Release|Any CPU
		{125EC5EB-CF45-4F68-8524-00D4071F84FB}.Debug|Any CPU.ActiveCfg = Debug|iPhoneSimulator
		{125EC5EB-CF45-4F68-8524-00D4071F84FB}.Debug|Any CPU.Build.0 = Debug|iPhoneSimulator
		{125EC5EB-CF45-4F68-8524-00D4071F84FB}.Release|Any CPU.ActiveCfg = Release|iPhoneSimulator
		{125EC5EB-CF45-4F68-8524-00D4071F84FB}.Release|Any CPU.Build.0 = Release|iPhoneSimulator
		{125EC5EB-CF45-4F68-8524-00D4071F84FB}.Debug|iPhoneSimulator.ActiveCfg = Debug|iPhoneSimulator
		{125EC5EB-CF45-4F68-8524-00D4071F84FB}.Debug|iPhoneSimulator.Build.0 = Debug|iPhoneSimulator
		{125EC5EB-CF45-4F68-8524-00D4071F84FB}.Release|iPhoneSimulator.ActiveCfg = Release|iPhoneSimulator
		{125EC5EB-CF45-4F68-8524-00D4071F84FB}.Release|iPhoneSimulator.Build.0 = Release|iPhoneSimulator
		{125EC5EB-CF45-4F68-8524-00D4071F84FB}.Debug|iPhone.ActiveCfg = Debug|iPhone
		{125EC5EB-CF45-4F68-8524-00D4071F84FB}.Debug|iPhone.Build.0 = Debug|iPhone
		{125EC5EB-CF45-4F68-8524-00D4071F84FB}.Release|iPhone.ActiveCfg = Release|iPhone
		{125EC5EB-CF45-4F68-8524-00D4071F84FB}.Release|iPhone.Build.0 = Release|iPhone
	EndGlobalSection
EndGlobal
