
Microsoft Visual Studio Solution File, Format Version 12.00
# Visual Studio 15
Project("{FAE04EC0-301F-11D3-BF4B-00C04F79EFBC}") = "GridLayoutDemo.Android", "GridLayoutDemo.Android\GridLayoutDemo.Android.csproj", "{CFF0F954-BFA9-44A3-9A47-17C6B773D820}"
EndProject
Project("{FAE04EC0-301F-11D3-BF4B-00C04F79EFBC}") = "GridLayoutDemo.iOS", "GridLayoutDemo.iOS\GridLayoutDemo.iOS.csproj", "{42908582-C4DE-45B1-A7C8-B9603BD5EF1D}"
EndProject
Project("{FAE04EC0-301F-11D3-BF4B-00C04F79EFBC}") = "GridLayoutDemo", "GridLayoutDemo\GridLayoutDemo.csproj", "{4BB8C334-6F02-4CC2-BB60-E1514AC9E8F4}"
EndProject
Global
	GlobalSection(SolutionConfigurationPlatforms) = preSolution
		Debug|Any CPU = Debug|Any CPU
		Release|Any CPU = Release|Any CPU
		Debug|iPhoneSimulator = Debug|iPhoneSimulator
		Release|iPhoneSimulator = Release|iPhoneSimulator
		Debug|iPhone = Debug|iPhone
		Release|iPhone = Release|iPhone
	EndGlobalSection
	GlobalSection(ProjectConfigurationPlatforms) = postSolution
		{CFF0F954-BFA9-44A3-9A47-17C6B773D820}.Debug|Any CPU.ActiveCfg = Debug|Any CPU
		{CFF0F954-BFA9-44A3-9A47-17C6B773D820}.Debug|Any CPU.Build.0 = Debug|Any CPU
		{CFF0F954-BFA9-44A3-9A47-17C6B773D820}.Release|Any CPU.ActiveCfg = Release|Any CPU
		{CFF0F954-BFA9-44A3-9A47-17C6B773D820}.Release|Any CPU.Build.0 = Release|Any CPU
		{CFF0F954-BFA9-44A3-9A47-17C6B773D820}.Debug|iPhoneSimulator.ActiveCfg = Debug|Any CPU
		{CFF0F954-BFA9-44A3-9A47-17C6B773D820}.Debug|iPhoneSimulator.Build.0 = Debug|Any CPU
		{CFF0F954-BFA9-44A3-9A47-17C6B773D820}.Release|iPhoneSimulator.ActiveCfg = Release|Any CPU
		{CFF0F954-BFA9-44A3-9A47-17C6B773D820}.Release|iPhoneSimulator.Build.0 = Release|Any CPU
		{CFF0F954-BFA9-44A3-9A47-17C6B773D820}.Debug|iPhone.ActiveCfg = Debug|Any CPU
		{CFF0F954-BFA9-44A3-9A47-17C6B773D820}.Debug|iPhone.Build.0 = Debug|Any CPU
		{CFF0F954-BFA9-44A3-9A47-17C6B773D820}.Release|iPhone.ActiveCfg = Release|Any CPU
		{CFF0F954-BFA9-44A3-9A47-17C6B773D820}.Release|iPhone.Build.0 = Release|Any CPU
		{42908582-C4DE-45B1-A7C8-B9603BD5EF1D}.Debug|Any CPU.ActiveCfg = Debug|iPhoneSimulator
		{42908582-C4DE-45B1-A7C8-B9603BD5EF1D}.Debug|Any CPU.Build.0 = Debug|iPhoneSimulator
		{42908582-C4DE-45B1-A7C8-B9603BD5EF1D}.Release|Any CPU.ActiveCfg = Release|iPhoneSimulator
		{42908582-C4DE-45B1-A7C8-B9603BD5EF1D}.Release|Any CPU.Build.0 = Release|iPhoneSimulator
		{42908582-C4DE-45B1-A7C8-B9603BD5EF1D}.Debug|iPhoneSimulator.ActiveCfg = Debug|iPhoneSimulator
		{42908582-C4DE-45B1-A7C8-B9603BD5EF1D}.Debug|iPhoneSimulator.Build.0 = Debug|iPhoneSimulator
		{42908582-C4DE-45B1-A7C8-B9603BD5EF1D}.Release|iPhoneSimulator.ActiveCfg = Release|iPhoneSimulator
		{42908582-C4DE-45B1-A7C8-B9603BD5EF1D}.Release|iPhoneSimulator.Build.0 = Release|iPhoneSimulator
		{42908582-C4DE-45B1-A7C8-B9603BD5EF1D}.Debug|iPhone.ActiveCfg = Debug|iPhone
		{42908582-C4DE-45B1-A7C8-B9603BD5EF1D}.Debug|iPhone.Build.0 = Debug|iPhone
		{42908582-C4DE-45B1-A7C8-B9603BD5EF1D}.Release|iPhone.ActiveCfg = Release|iPhone
		{42908582-C4DE-45B1-A7C8-B9603BD5EF1D}.Release|iPhone.Build.0 = Release|iPhone
		{4BB8C334-6F02-4CC2-BB60-E1514AC9E8F4}.Debug|Any CPU.ActiveCfg = Debug|Any CPU
		{4BB8C334-6F02-4CC2-BB60-E1514AC9E8F4}.Debug|Any CPU.Build.0 = Debug|Any CPU
		{4BB8C334-6F02-4CC2-BB60-E1514AC9E8F4}.Release|Any CPU.ActiveCfg = Release|Any CPU
		{4BB8C334-6F02-4CC2-BB60-E1514AC9E8F4}.Release|Any CPU.Build.0 = Release|Any CPU
		{4BB8C334-6F02-4CC2-BB60-E1514AC9E8F4}.Debug|iPhoneSimulator.ActiveCfg = Debug|Any CPU
		{4BB8C334-6F02-4CC2-BB60-E1514AC9E8F4}.Debug|iPhoneSimulator.Build.0 = Debug|Any CPU
		{4BB8C334-6F02-4CC2-BB60-E1514AC9E8F4}.Release|iPhoneSimulator.ActiveCfg = Release|Any CPU
		{4BB8C334-6F02-4CC2-BB60-E1514AC9E8F4}.Release|iPhoneSimulator.Build.0 = Release|Any CPU
		{4BB8C334-6F02-4CC2-BB60-E1514AC9E8F4}.Debug|iPhone.ActiveCfg = Debug|Any CPU
		{4BB8C334-6F02-4CC2-BB60-E1514AC9E8F4}.Debug|iPhone.Build.0 = Debug|Any CPU
		{4BB8C334-6F02-4CC2-BB60-E1514AC9E8F4}.Release|iPhone.ActiveCfg = Release|Any CPU
		{4BB8C334-6F02-4CC2-BB60-E1514AC9E8F4}.Release|iPhone.Build.0 = Release|Any CPU
	EndGlobalSection
EndGlobal
