
Microsoft Visual Studio Solution File, Format Version 12.00
# Visual Studio 15
Project("{FAE04EC0-301F-11D3-BF4B-00C04F79EFBC}") = "SimpleTableView.Android", "SimpleTableView.Android\SimpleTableView.Android.csproj", "{0AA84ABD-A195-47AA-A51D-6EE369AE4803}"
EndProject
Project("{FAE04EC0-301F-11D3-BF4B-00C04F79EFBC}") = "SimpleTableView.iOS", "SimpleTableView.iOS\SimpleTableView.iOS.csproj", "{B56889D0-139F-4433-9517-E1AC79B4F6D7}"
EndProject
Project("{FAE04EC0-301F-11D3-BF4B-00C04F79EFBC}") = "SimpleTableView", "SimpleTableView\SimpleTableView.csproj", "{457EABF0-FECC-4DB2-BF78-51D48D14E4D1}"
EndProject
Project("{FAE04EC0-301F-11D3-BF4B-00C04F79EFBC}") = "uoplib", "uoplib\uoplib.csproj", "{F5FCB976-7F07-4318-BEE2-3BCE90AE76A1}"
EndProject
Global
	GlobalSection(SolutionConfigurationPlatforms) = preSolution
		Debug|Any CPU = Debug|Any CPU
		Release|Any CPU = Release|Any CPU
		Debug|iPhoneSimulator = Debug|iPhoneSimulator
		Release|iPhoneSimulator = Release|iPhoneSimulator
		Debug|iPhone = Debug|iPhone
		Release|iPhone = Release|iPhone
	EndGlobalSection
	GlobalSection(ProjectConfigurationPlatforms) = postSolution
		{0AA84ABD-A195-47AA-A51D-6EE369AE4803}.Debug|Any CPU.ActiveCfg = Debug|Any CPU
		{0AA84ABD-A195-47AA-A51D-6EE369AE4803}.Debug|Any CPU.Build.0 = Debug|Any CPU
		{0AA84ABD-A195-47AA-A51D-6EE369AE4803}.Release|Any CPU.ActiveCfg = Release|Any CPU
		{0AA84ABD-A195-47AA-A51D-6EE369AE4803}.Release|Any CPU.Build.0 = Release|Any CPU
		{0AA84ABD-A195-47AA-A51D-6EE369AE4803}.Debug|iPhoneSimulator.ActiveCfg = Debug|Any CPU
		{0AA84ABD-A195-47AA-A51D-6EE369AE4803}.Debug|iPhoneSimulator.Build.0 = Debug|Any CPU
		{0AA84ABD-A195-47AA-A51D-6EE369AE4803}.Release|iPhoneSimulator.ActiveCfg = Release|Any CPU
		{0AA84ABD-A195-47AA-A51D-6EE369AE4803}.Release|iPhoneSimulator.Build.0 = Release|Any CPU
		{0AA84ABD-A195-47AA-A51D-6EE369AE4803}.Debug|iPhone.ActiveCfg = Debug|Any CPU
		{0AA84ABD-A195-47AA-A51D-6EE369AE4803}.Debug|iPhone.Build.0 = Debug|Any CPU
		{0AA84ABD-A195-47AA-A51D-6EE369AE4803}.Release|iPhone.ActiveCfg = Release|Any CPU
		{0AA84ABD-A195-47AA-A51D-6EE369AE4803}.Release|iPhone.Build.0 = Release|Any CPU
		{B56889D0-139F-4433-9517-E1AC79B4F6D7}.Debug|Any CPU.ActiveCfg = Debug|iPhoneSimulator
		{B56889D0-139F-4433-9517-E1AC79B4F6D7}.Debug|Any CPU.Build.0 = Debug|iPhoneSimulator
		{B56889D0-139F-4433-9517-E1AC79B4F6D7}.Release|Any CPU.ActiveCfg = Release|iPhoneSimulator
		{B56889D0-139F-4433-9517-E1AC79B4F6D7}.Release|Any CPU.Build.0 = Release|iPhoneSimulator
		{B56889D0-139F-4433-9517-E1AC79B4F6D7}.Debug|iPhoneSimulator.ActiveCfg = Debug|iPhoneSimulator
		{B56889D0-139F-4433-9517-E1AC79B4F6D7}.Debug|iPhoneSimulator.Build.0 = Debug|iPhoneSimulator
		{B56889D0-139F-4433-9517-E1AC79B4F6D7}.Release|iPhoneSimulator.ActiveCfg = Release|iPhoneSimulator
		{B56889D0-139F-4433-9517-E1AC79B4F6D7}.Release|iPhoneSimulator.Build.0 = Release|iPhoneSimulator
		{B56889D0-139F-4433-9517-E1AC79B4F6D7}.Debug|iPhone.ActiveCfg = Debug|iPhone
		{B56889D0-139F-4433-9517-E1AC79B4F6D7}.Debug|iPhone.Build.0 = Debug|iPhone
		{B56889D0-139F-4433-9517-E1AC79B4F6D7}.Release|iPhone.ActiveCfg = Release|iPhone
		{B56889D0-139F-4433-9517-E1AC79B4F6D7}.Release|iPhone.Build.0 = Release|iPhone
		{457EABF0-FECC-4DB2-BF78-51D48D14E4D1}.Debug|Any CPU.ActiveCfg = Debug|Any CPU
		{457EABF0-FECC-4DB2-BF78-51D48D14E4D1}.Debug|Any CPU.Build.0 = Debug|Any CPU
		{457EABF0-FECC-4DB2-BF78-51D48D14E4D1}.Release|Any CPU.ActiveCfg = Release|Any CPU
		{457EABF0-FECC-4DB2-BF78-51D48D14E4D1}.Release|Any CPU.Build.0 = Release|Any CPU
		{457EABF0-FECC-4DB2-BF78-51D48D14E4D1}.Debug|iPhoneSimulator.ActiveCfg = Debug|Any CPU
		{457EABF0-FECC-4DB2-BF78-51D48D14E4D1}.Debug|iPhoneSimulator.Build.0 = Debug|Any CPU
		{457EABF0-FECC-4DB2-BF78-51D48D14E4D1}.Release|iPhoneSimulator.ActiveCfg = Release|Any CPU
		{457EABF0-FECC-4DB2-BF78-51D48D14E4D1}.Release|iPhoneSimulator.Build.0 = Release|Any CPU
		{457EABF0-FECC-4DB2-BF78-51D48D14E4D1}.Debug|iPhone.ActiveCfg = Debug|Any CPU
		{457EABF0-FECC-4DB2-BF78-51D48D14E4D1}.Debug|iPhone.Build.0 = Debug|Any CPU
		{457EABF0-FECC-4DB2-BF78-51D48D14E4D1}.Release|iPhone.ActiveCfg = Release|Any CPU
		{457EABF0-FECC-4DB2-BF78-51D48D14E4D1}.Release|iPhone.Build.0 = Release|Any CPU
		{F5FCB976-7F07-4318-BEE2-3BCE90AE76A1}.Debug|Any CPU.ActiveCfg = Debug|Any CPU
		{F5FCB976-7F07-4318-BEE2-3BCE90AE76A1}.Debug|Any CPU.Build.0 = Debug|Any CPU
		{F5FCB976-7F07-4318-BEE2-3BCE90AE76A1}.Release|Any CPU.ActiveCfg = Release|Any CPU
		{F5FCB976-7F07-4318-BEE2-3BCE90AE76A1}.Release|Any CPU.Build.0 = Release|Any CPU
		{F5FCB976-7F07-4318-BEE2-3BCE90AE76A1}.Debug|iPhoneSimulator.ActiveCfg = Debug|Any CPU
		{F5FCB976-7F07-4318-BEE2-3BCE90AE76A1}.Debug|iPhoneSimulator.Build.0 = Debug|Any CPU
		{F5FCB976-7F07-4318-BEE2-3BCE90AE76A1}.Release|iPhoneSimulator.ActiveCfg = Release|Any CPU
		{F5FCB976-7F07-4318-BEE2-3BCE90AE76A1}.Release|iPhoneSimulator.Build.0 = Release|Any CPU
		{F5FCB976-7F07-4318-BEE2-3BCE90AE76A1}.Debug|iPhone.ActiveCfg = Debug|Any CPU
		{F5FCB976-7F07-4318-BEE2-3BCE90AE76A1}.Debug|iPhone.Build.0 = Debug|Any CPU
		{F5FCB976-7F07-4318-BEE2-3BCE90AE76A1}.Release|iPhone.ActiveCfg = Release|Any CPU
		{F5FCB976-7F07-4318-BEE2-3BCE90AE76A1}.Release|iPhone.Build.0 = Release|Any CPU
	EndGlobalSection
EndGlobal
