
Microsoft Visual Studio Solution File, Format Version 12.00
# Visual Studio Version 16
VisualStudioVersion = 16.0.29102.190
MinimumVisualStudioVersion = 10.0.40219.1
Project("{9A19103F-16F7-4668-BE54-9A1E7A4F7556}") = "HelloWorld", "HelloWorld.csproj", "{03D66F43-817E-4081-ACE5-C737AF651A82}"
EndProject
Global
	GlobalSection(SolutionConfigurationPlatforms) = preSolution
		Debug|Any CPU = Debug|Any CPU
		Release|Any CPU = Release|Any CPU
	EndGlobalSection
	GlobalSection(ProjectConfigurationPlatforms) = postSolution
		{03D66F43-817E-4081-ACE5-C737AF651A82}.Debug|Any CPU.ActiveCfg = Debug|Any CPU
		{03D66F43-817E-4081-ACE5-C737AF651A82}.Debug|Any CPU.Build.0 = Debug|Any CPU
		{03D66F43-817E-4081-ACE5-C737AF651A82}.Release|Any CPU.ActiveCfg = Release|Any CPU
		{03D66F43-817E-4081-ACE5-C737AF651A82}.Release|Any CPU.Build.0 = Release|Any CPU
	EndGlobalSection
	GlobalSection(SolutionProperties) = preSolution
		HideSolutionNode = FALSE
	EndGlobalSection
	GlobalSection(ExtensibilityGlobals) = postSolution
		SolutionGuid = {0A68E2EC-4981-4DC7-A12E-F1DA9F2F6521}
	EndGlobalSection
EndGlobal
