
Microsoft Visual Studio Solution File, Format Version 12.00
# Visual Studio 15
Project("{FAE04EC0-301F-11D3-BF4B-00C04F79EFBC}") = "ImageFetch.Android", "ImageFetch.Android\ImageFetch.Android.csproj", "{224645AF-204D-476D-B910-FD85591AB28F}"
EndProject
Project("{FAE04EC0-301F-11D3-BF4B-00C04F79EFBC}") = "ImageFetch.iOS", "ImageFetch.iOS\ImageFetch.iOS.csproj", "{459C8DDF-C7C1-46D7-87D6-D55C0F0560B9}"
EndProject
Project("{FAE04EC0-301F-11D3-BF4B-00C04F79EFBC}") = "ImageFetch", "ImageFetch\ImageFetch.csproj", "{C8E2AB91-BC4B-4DF1-A78F-CEB4DE294FAE}"
EndProject
Global
	GlobalSection(SolutionConfigurationPlatforms) = preSolution
		Debug|Any CPU = Debug|Any CPU
		Release|Any CPU = Release|Any CPU
		Debug|iPhoneSimulator = Debug|iPhoneSimulator
		Release|iPhoneSimulator = Release|iPhoneSimulator
		Debug|iPhone = Debug|iPhone
		Release|iPhone = Release|iPhone
	EndGlobalSection
	GlobalSection(ProjectConfigurationPlatforms) = postSolution
		{224645AF-204D-476D-B910-FD85591AB28F}.Debug|Any CPU.ActiveCfg = Debug|Any CPU
		{224645AF-204D-476D-B910-FD85591AB28F}.Debug|Any CPU.Build.0 = Debug|Any CPU
		{224645AF-204D-476D-B910-FD85591AB28F}.Release|Any CPU.ActiveCfg = Release|Any CPU
		{224645AF-204D-476D-B910-FD85591AB28F}.Release|Any CPU.Build.0 = Release|Any CPU
		{224645AF-204D-476D-B910-FD85591AB28F}.Debug|iPhoneSimulator.ActiveCfg = Debug|Any CPU
		{224645AF-204D-476D-B910-FD85591AB28F}.Debug|iPhoneSimulator.Build.0 = Debug|Any CPU
		{224645AF-204D-476D-B910-FD85591AB28F}.Release|iPhoneSimulator.ActiveCfg = Release|Any CPU
		{224645AF-204D-476D-B910-FD85591AB28F}.Release|iPhoneSimulator.Build.0 = Release|Any CPU
		{224645AF-204D-476D-B910-FD85591AB28F}.Debug|iPhone.ActiveCfg = Debug|Any CPU
		{224645AF-204D-476D-B910-FD85591AB28F}.Debug|iPhone.Build.0 = Debug|Any CPU
		{224645AF-204D-476D-B910-FD85591AB28F}.Release|iPhone.ActiveCfg = Release|Any CPU
		{224645AF-204D-476D-B910-FD85591AB28F}.Release|iPhone.Build.0 = Release|Any CPU
		{459C8DDF-C7C1-46D7-87D6-D55C0F0560B9}.Debug|Any CPU.ActiveCfg = Debug|iPhoneSimulator
		{459C8DDF-C7C1-46D7-87D6-D55C0F0560B9}.Debug|Any CPU.Build.0 = Debug|iPhoneSimulator
		{459C8DDF-C7C1-46D7-87D6-D55C0F0560B9}.Release|Any CPU.ActiveCfg = Release|iPhoneSimulator
		{459C8DDF-C7C1-46D7-87D6-D55C0F0560B9}.Release|Any CPU.Build.0 = Release|iPhoneSimulator
		{459C8DDF-C7C1-46D7-87D6-D55C0F0560B9}.Debug|iPhoneSimulator.ActiveCfg = Debug|iPhoneSimulator
		{459C8DDF-C7C1-46D7-87D6-D55C0F0560B9}.Debug|iPhoneSimulator.Build.0 = Debug|iPhoneSimulator
		{459C8DDF-C7C1-46D7-87D6-D55C0F0560B9}.Release|iPhoneSimulator.ActiveCfg = Release|iPhoneSimulator
		{459C8DDF-C7C1-46D7-87D6-D55C0F0560B9}.Release|iPhoneSimulator.Build.0 = Release|iPhoneSimulator
		{459C8DDF-C7C1-46D7-87D6-D55C0F0560B9}.Debug|iPhone.ActiveCfg = Debug|iPhone
		{459C8DDF-C7C1-46D7-87D6-D55C0F0560B9}.Debug|iPhone.Build.0 = Debug|iPhone
		{459C8DDF-C7C1-46D7-87D6-D55C0F0560B9}.Release|iPhone.ActiveCfg = Release|iPhone
		{459C8DDF-C7C1-46D7-87D6-D55C0F0560B9}.Release|iPhone.Build.0 = Release|iPhone
		{C8E2AB91-BC4B-4DF1-A78F-CEB4DE294FAE}.Debug|Any CPU.ActiveCfg = Debug|Any CPU
		{C8E2AB91-BC4B-4DF1-A78F-CEB4DE294FAE}.Debug|Any CPU.Build.0 = Debug|Any CPU
		{C8E2AB91-BC4B-4DF1-A78F-CEB4DE294FAE}.Release|Any CPU.ActiveCfg = Release|Any CPU
		{C8E2AB91-BC4B-4DF1-A78F-CEB4DE294FAE}.Release|Any CPU.Build.0 = Release|Any CPU
		{C8E2AB91-BC4B-4DF1-A78F-CEB4DE294FAE}.Debug|iPhoneSimulator.ActiveCfg = Debug|Any CPU
		{C8E2AB91-BC4B-4DF1-A78F-CEB4DE294FAE}.Debug|iPhoneSimulator.Build.0 = Debug|Any CPU
		{C8E2AB91-BC4B-4DF1-A78F-CEB4DE294FAE}.Release|iPhoneSimulator.ActiveCfg = Release|Any CPU
		{C8E2AB91-BC4B-4DF1-A78F-CEB4DE294FAE}.Release|iPhoneSimulator.Build.0 = Release|Any CPU
		{C8E2AB91-BC4B-4DF1-A78F-CEB4DE294FAE}.Debug|iPhone.ActiveCfg = Debug|Any CPU
		{C8E2AB91-BC4B-4DF1-A78F-CEB4DE294FAE}.Debug|iPhone.Build.0 = Debug|Any CPU
		{C8E2AB91-BC4B-4DF1-A78F-CEB4DE294FAE}.Release|iPhone.ActiveCfg = Release|Any CPU
		{C8E2AB91-BC4B-4DF1-A78F-CEB4DE294FAE}.Release|iPhone.Build.0 = Release|Any CPU
	EndGlobalSection
EndGlobal
