
Microsoft Visual Studio Solution File, Format Version 12.00
# Visual Studio Version 16
VisualStudioVersion = 16.0.29709.97
MinimumVisualStudioVersion = 10.0.40219.1
Project("{FAE04EC0-301F-11D3-BF4B-00C04F79EFBC}") = "PartialClass", "PartialClass.csproj", "{604D0E4F-DB43-4BF5-832C-A959143A3422}"
EndProject
Global
	GlobalSection(SolutionConfigurationPlatforms) = preSolution
		Debug|Any CPU = Debug|Any CPU
		Release|Any CPU = Release|Any CPU
	EndGlobalSection
	GlobalSection(ProjectConfigurationPlatforms) = postSolution
		{604D0E4F-DB43-4BF5-832C-A959143A3422}.Debug|Any CPU.ActiveCfg = Debug|Any CPU
		{604D0E4F-DB43-4BF5-832C-A959143A3422}.Debug|Any CPU.Build.0 = Debug|Any CPU
		{604D0E4F-DB43-4BF5-832C-A959143A3422}.Release|Any CPU.ActiveCfg = Release|Any CPU
		{604D0E4F-DB43-4BF5-832C-A959143A3422}.Release|Any CPU.Build.0 = Release|Any CPU
	EndGlobalSection
	GlobalSection(SolutionProperties) = preSolution
		HideSolutionNode = FALSE
	EndGlobalSection
	GlobalSection(ExtensibilityGlobals) = postSolution
		SolutionGuid = {605A4F4F-D946-40ED-A947-019553596C25}
	EndGlobalSection
EndGlobal
