
Microsoft Visual Studio Solution File, Format Version 12.00
# Visual Studio Version 16
VisualStudioVersion = 16.0.29102.190
MinimumVisualStudioVersion = 10.0.40219.1
Project("{FAE04EC0-301F-11D3-BF4B-00C04F79EFBC}") = "bmi_estimate.Android", "bmi_estimate.Android\bmi_estimate.Android.csproj", "{2A19D5F8-7D4D-4795-A165-CD1281C769B1}"
EndProject
Project("{FAE04EC0-301F-11D3-BF4B-00C04F79EFBC}") = "bmi_estimate.iOS", "bmi_estimate.iOS\bmi_estimate.iOS.csproj", "{8D05F342-AD16-44CF-B5FC-70FA8F237F12}"
EndProject
Project("{9A19103F-16F7-4668-BE54-9A1E7A4F7556}") = "bmi_estimate", "bmi_estimate\bmi_estimate.csproj", "{3171B4BD-73A7-4118-AB63-81ED0AD74A6F}"
EndProject
Project("{FAE04EC0-301F-11D3-BF4B-00C04F79EFBC}") = "ModelTest", "ModelTest\ModelTest.csproj", "{9B44BC70-2175-4FB4-8C7E-47FD5AAF2470}"
EndProject
Global
	GlobalSection(SolutionConfigurationPlatforms) = preSolution
		Debug|Any CPU = Debug|Any CPU
		Debug|iPhone = Debug|iPhone
		Debug|iPhoneSimulator = Debug|iPhoneSimulator
		Release|Any CPU = Release|Any CPU
		Release|iPhone = Release|iPhone
		Release|iPhoneSimulator = Release|iPhoneSimulator
	EndGlobalSection
	GlobalSection(ProjectConfigurationPlatforms) = postSolution
		{2A19D5F8-7D4D-4795-A165-CD1281C769B1}.Debug|Any CPU.ActiveCfg = Debug|Any CPU
		{2A19D5F8-7D4D-4795-A165-CD1281C769B1}.Debug|Any CPU.Build.0 = Debug|Any CPU
		{2A19D5F8-7D4D-4795-A165-CD1281C769B1}.Debug|Any CPU.Deploy.0 = Debug|Any CPU
		{2A19D5F8-7D4D-4795-A165-CD1281C769B1}.Debug|iPhone.ActiveCfg = Debug|Any CPU
		{2A19D5F8-7D4D-4795-A165-CD1281C769B1}.Debug|iPhone.Build.0 = Debug|Any CPU
		{2A19D5F8-7D4D-4795-A165-CD1281C769B1}.Debug|iPhone.Deploy.0 = Debug|Any CPU
		{2A19D5F8-7D4D-4795-A165-CD1281C769B1}.Debug|iPhoneSimulator.ActiveCfg = Debug|Any CPU
		{2A19D5F8-7D4D-4795-A165-CD1281C769B1}.Debug|iPhoneSimulator.Build.0 = Debug|Any CPU
		{2A19D5F8-7D4D-4795-A165-CD1281C769B1}.Debug|iPhoneSimulator.Deploy.0 = Debug|Any CPU
		{2A19D5F8-7D4D-4795-A165-CD1281C769B1}.Release|Any CPU.ActiveCfg = Release|Any CPU
		{2A19D5F8-7D4D-4795-A165-CD1281C769B1}.Release|Any CPU.Build.0 = Release|Any CPU
		{2A19D5F8-7D4D-4795-A165-CD1281C769B1}.Release|Any CPU.Deploy.0 = Release|Any CPU
		{2A19D5F8-7D4D-4795-A165-CD1281C769B1}.Release|iPhone.ActiveCfg = Release|Any CPU
		{2A19D5F8-7D4D-4795-A165-CD1281C769B1}.Release|iPhone.Build.0 = Release|Any CPU
		{2A19D5F8-7D4D-4795-A165-CD1281C769B1}.Release|iPhone.Deploy.0 = Release|Any CPU
		{2A19D5F8-7D4D-4795-A165-CD1281C769B1}.Release|iPhoneSimulator.ActiveCfg = Release|Any CPU
		{2A19D5F8-7D4D-4795-A165-CD1281C769B1}.Release|iPhoneSimulator.Build.0 = Release|Any CPU
		{2A19D5F8-7D4D-4795-A165-CD1281C769B1}.Release|iPhoneSimulator.Deploy.0 = Release|Any CPU
		{8D05F342-AD16-44CF-B5FC-70FA8F237F12}.Debug|Any CPU.ActiveCfg = Debug|iPhoneSimulator
		{8D05F342-AD16-44CF-B5FC-70FA8F237F12}.Debug|Any CPU.Build.0 = Debug|iPhoneSimulator
		{8D05F342-AD16-44CF-B5FC-70FA8F237F12}.Debug|Any CPU.Deploy.0 = Debug|iPhoneSimulator
		{8D05F342-AD16-44CF-B5FC-70FA8F237F12}.Debug|iPhone.ActiveCfg = Debug|iPhone
		{8D05F342-AD16-44CF-B5FC-70FA8F237F12}.Debug|iPhone.Build.0 = Debug|iPhone
		{8D05F342-AD16-44CF-B5FC-70FA8F237F12}.Debug|iPhone.Deploy.0 = Debug|iPhone
		{8D05F342-AD16-44CF-B5FC-70FA8F237F12}.Debug|iPhoneSimulator.ActiveCfg = Debug|iPhoneSimulator
		{8D05F342-AD16-44CF-B5FC-70FA8F237F12}.Debug|iPhoneSimulator.Build.0 = Debug|iPhoneSimulator
		{8D05F342-AD16-44CF-B5FC-70FA8F237F12}.Debug|iPhoneSimulator.Deploy.0 = Debug|iPhoneSimulator
		{8D05F342-AD16-44CF-B5FC-70FA8F237F12}.Release|Any CPU.ActiveCfg = Release|iPhone
		{8D05F342-AD16-44CF-B5FC-70FA8F237F12}.Release|Any CPU.Build.0 = Release|iPhone
		{8D05F342-AD16-44CF-B5FC-70FA8F237F12}.Release|Any CPU.Deploy.0 = Release|iPhone
		{8D05F342-AD16-44CF-B5FC-70FA8F237F12}.Release|iPhone.ActiveCfg = Release|iPhone
		{8D05F342-AD16-44CF-B5FC-70FA8F237F12}.Release|iPhone.Build.0 = Release|iPhone
		{8D05F342-AD16-44CF-B5FC-70FA8F237F12}.Release|iPhone.Deploy.0 = Release|iPhone
		{8D05F342-AD16-44CF-B5FC-70FA8F237F12}.Release|iPhoneSimulator.ActiveCfg = Release|iPhoneSimulator
		{8D05F342-AD16-44CF-B5FC-70FA8F237F12}.Release|iPhoneSimulator.Build.0 = Release|iPhoneSimulator
		{8D05F342-AD16-44CF-B5FC-70FA8F237F12}.Release|iPhoneSimulator.Deploy.0 = Release|iPhoneSimulator
		{3171B4BD-73A7-4118-AB63-81ED0AD74A6F}.Debug|Any CPU.ActiveCfg = Debug|Any CPU
		{3171B4BD-73A7-4118-AB63-81ED0AD74A6F}.Debug|Any CPU.Build.0 = Debug|Any CPU
		{3171B4BD-73A7-4118-AB63-81ED0AD74A6F}.Debug|Any CPU.Deploy.0 = Debug|Any CPU
		{3171B4BD-73A7-4118-AB63-81ED0AD74A6F}.Debug|iPhone.ActiveCfg = Debug|Any CPU
		{3171B4BD-73A7-4118-AB63-81ED0AD74A6F}.Debug|iPhone.Build.0 = Debug|Any CPU
		{3171B4BD-73A7-4118-AB63-81ED0AD74A6F}.Debug|iPhone.Deploy.0 = Debug|Any CPU
		{3171B4BD-73A7-4118-AB63-81ED0AD74A6F}.Debug|iPhoneSimulator.ActiveCfg = Debug|Any CPU
		{3171B4BD-73A7-4118-AB63-81ED0AD74A6F}.Debug|iPhoneSimulator.Build.0 = Debug|Any CPU
		{3171B4BD-73A7-4118-AB63-81ED0AD74A6F}.Debug|iPhoneSimulator.Deploy.0 = Debug|Any CPU
		{3171B4BD-73A7-4118-AB63-81ED0AD74A6F}.Release|Any CPU.ActiveCfg = Release|Any CPU
		{3171B4BD-73A7-4118-AB63-81ED0AD74A6F}.Release|Any CPU.Build.0 = Release|Any CPU
		{3171B4BD-73A7-4118-AB63-81ED0AD74A6F}.Release|Any CPU.Deploy.0 = Release|Any CPU
		{3171B4BD-73A7-4118-AB63-81ED0AD74A6F}.Release|iPhone.ActiveCfg = Release|Any CPU
		{3171B4BD-73A7-4118-AB63-81ED0AD74A6F}.Release|iPhone.Build.0 = Release|Any CPU
		{3171B4BD-73A7-4118-AB63-81ED0AD74A6F}.Release|iPhone.Deploy.0 = Release|Any CPU
		{3171B4BD-73A7-4118-AB63-81ED0AD74A6F}.Release|iPhoneSimulator.ActiveCfg = Release|Any CPU
		{3171B4BD-73A7-4118-AB63-81ED0AD74A6F}.Release|iPhoneSimulator.Build.0 = Release|Any CPU
		{3171B4BD-73A7-4118-AB63-81ED0AD74A6F}.Release|iPhoneSimulator.Deploy.0 = Release|Any CPU
		{9B44BC70-2175-4FB4-8C7E-47FD5AAF2470}.Debug|Any CPU.ActiveCfg = Debug|Any CPU
		{9B44BC70-2175-4FB4-8C7E-47FD5AAF2470}.Debug|Any CPU.Build.0 = Debug|Any CPU
		{9B44BC70-2175-4FB4-8C7E-47FD5AAF2470}.Debug|iPhone.ActiveCfg = Debug|Any CPU
		{9B44BC70-2175-4FB4-8C7E-47FD5AAF2470}.Debug|iPhone.Build.0 = Debug|Any CPU
		{9B44BC70-2175-4FB4-8C7E-47FD5AAF2470}.Debug|iPhoneSimulator.ActiveCfg = Debug|Any CPU
		{9B44BC70-2175-4FB4-8C7E-47FD5AAF2470}.Debug|iPhoneSimulator.Build.0 = Debug|Any CPU
		{9B44BC70-2175-4FB4-8C7E-47FD5AAF2470}.Release|Any CPU.ActiveCfg = Release|Any CPU
		{9B44BC70-2175-4FB4-8C7E-47FD5AAF2470}.Release|Any CPU.Build.0 = Release|Any CPU
		{9B44BC70-2175-4FB4-8C7E-47FD5AAF2470}.Release|iPhone.ActiveCfg = Release|Any CPU
		{9B44BC70-2175-4FB4-8C7E-47FD5AAF2470}.Release|iPhone.Build.0 = Release|Any CPU
		{9B44BC70-2175-4FB4-8C7E-47FD5AAF2470}.Release|iPhoneSimulator.ActiveCfg = Release|Any CPU
		{9B44BC70-2175-4FB4-8C7E-47FD5AAF2470}.Release|iPhoneSimulator.Build.0 = Release|Any CPU
	EndGlobalSection
	GlobalSection(SolutionProperties) = preSolution
		HideSolutionNode = FALSE
	EndGlobalSection
	GlobalSection(ExtensibilityGlobals) = postSolution
		SolutionGuid = {4F8BA99A-4A09-446D-9350-76202F50B263}
	EndGlobalSection
EndGlobal
