
Microsoft Visual Studio Solution File, Format Version 12.00
# Visual Studio Version 16
VisualStudioVersion = 16.0.29318.209
MinimumVisualStudioVersion = 10.0.40219.1
Project("{FAE04EC0-301F-11D3-BF4B-00C04F79EFBC}") = "TabpageDemo.Android", "TabpageDemo.Android\TabpageDemo.Android.csproj", "{7B903F0E-CB43-4231-BF49-B5C187DE74DC}"
EndProject
Project("{FAE04EC0-301F-11D3-BF4B-00C04F79EFBC}") = "TabpageDemo.iOS", "TabpageDemo.iOS\TabpageDemo.iOS.csproj", "{07DD5CB7-AE42-413E-B320-97007894D33E}"
EndProject
Project("{FAE04EC0-301F-11D3-BF4B-00C04F79EFBC}") = "TabpageDemo", "TabpageDemo\TabpageDemo.csproj", "{6C8E14C7-3811-4C91-BA32-1EEFE3EDACE4}"
EndProject
Global
	GlobalSection(SolutionConfigurationPlatforms) = preSolution
		Debug|Any CPU = Debug|Any CPU
		Debug|iPhone = Debug|iPhone
		Debug|iPhoneSimulator = Debug|iPhoneSimulator
		Release|Any CPU = Release|Any CPU
		Release|iPhone = Release|iPhone
		Release|iPhoneSimulator = Release|iPhoneSimulator
	EndGlobalSection
	GlobalSection(ProjectConfigurationPlatforms) = postSolution
		{7B903F0E-CB43-4231-BF49-B5C187DE74DC}.Debug|Any CPU.ActiveCfg = Debug|Any CPU
		{7B903F0E-CB43-4231-BF49-B5C187DE74DC}.Debug|Any CPU.Build.0 = Debug|Any CPU
		{7B903F0E-CB43-4231-BF49-B5C187DE74DC}.Debug|Any CPU.Deploy.0 = Debug|Any CPU
		{7B903F0E-CB43-4231-BF49-B5C187DE74DC}.Debug|iPhone.ActiveCfg = Debug|Any CPU
		{7B903F0E-CB43-4231-BF49-B5C187DE74DC}.Debug|iPhone.Build.0 = Debug|Any CPU
		{7B903F0E-CB43-4231-BF49-B5C187DE74DC}.Debug|iPhone.Deploy.0 = Debug|Any CPU
		{7B903F0E-CB43-4231-BF49-B5C187DE74DC}.Debug|iPhoneSimulator.ActiveCfg = Debug|Any CPU
		{7B903F0E-CB43-4231-BF49-B5C187DE74DC}.Debug|iPhoneSimulator.Build.0 = Debug|Any CPU
		{7B903F0E-CB43-4231-BF49-B5C187DE74DC}.Debug|iPhoneSimulator.Deploy.0 = Debug|Any CPU
		{7B903F0E-CB43-4231-BF49-B5C187DE74DC}.Release|Any CPU.ActiveCfg = Release|Any CPU
		{7B903F0E-CB43-4231-BF49-B5C187DE74DC}.Release|Any CPU.Build.0 = Release|Any CPU
		{7B903F0E-CB43-4231-BF49-B5C187DE74DC}.Release|Any CPU.Deploy.0 = Release|Any CPU
		{7B903F0E-CB43-4231-BF49-B5C187DE74DC}.Release|iPhone.ActiveCfg = Release|Any CPU
		{7B903F0E-CB43-4231-BF49-B5C187DE74DC}.Release|iPhone.Build.0 = Release|Any CPU
		{7B903F0E-CB43-4231-BF49-B5C187DE74DC}.Release|iPhone.Deploy.0 = Release|Any CPU
		{7B903F0E-CB43-4231-BF49-B5C187DE74DC}.Release|iPhoneSimulator.ActiveCfg = Release|Any CPU
		{7B903F0E-CB43-4231-BF49-B5C187DE74DC}.Release|iPhoneSimulator.Build.0 = Release|Any CPU
		{7B903F0E-CB43-4231-BF49-B5C187DE74DC}.Release|iPhoneSimulator.Deploy.0 = Release|Any CPU
		{07DD5CB7-AE42-413E-B320-97007894D33E}.Debug|Any CPU.ActiveCfg = Debug|iPhoneSimulator
		{07DD5CB7-AE42-413E-B320-97007894D33E}.Debug|Any CPU.Build.0 = Debug|iPhoneSimulator
		{07DD5CB7-AE42-413E-B320-97007894D33E}.Debug|Any CPU.Deploy.0 = Debug|iPhoneSimulator
		{07DD5CB7-AE42-413E-B320-97007894D33E}.Debug|iPhone.ActiveCfg = Debug|iPhone
		{07DD5CB7-AE42-413E-B320-97007894D33E}.Debug|iPhone.Build.0 = Debug|iPhone
		{07DD5CB7-AE42-413E-B320-97007894D33E}.Debug|iPhone.Deploy.0 = Debug|iPhone
		{07DD5CB7-AE42-413E-B320-97007894D33E}.Debug|iPhoneSimulator.ActiveCfg = Debug|iPhoneSimulator
		{07DD5CB7-AE42-413E-B320-97007894D33E}.Debug|iPhoneSimulator.Build.0 = Debug|iPhoneSimulator
		{07DD5CB7-AE42-413E-B320-97007894D33E}.Debug|iPhoneSimulator.Deploy.0 = Debug|iPhoneSimulator
		{07DD5CB7-AE42-413E-B320-97007894D33E}.Release|Any CPU.ActiveCfg = Release|iPhone
		{07DD5CB7-AE42-413E-B320-97007894D33E}.Release|Any CPU.Build.0 = Release|iPhone
		{07DD5CB7-AE42-413E-B320-97007894D33E}.Release|Any CPU.Deploy.0 = Release|iPhone
		{07DD5CB7-AE42-413E-B320-97007894D33E}.Release|iPhone.ActiveCfg = Release|iPhone
		{07DD5CB7-AE42-413E-B320-97007894D33E}.Release|iPhone.Build.0 = Release|iPhone
		{07DD5CB7-AE42-413E-B320-97007894D33E}.Release|iPhone.Deploy.0 = Release|iPhone
		{07DD5CB7-AE42-413E-B320-97007894D33E}.Release|iPhoneSimulator.ActiveCfg = Release|iPhoneSimulator
		{07DD5CB7-AE42-413E-B320-97007894D33E}.Release|iPhoneSimulator.Build.0 = Release|iPhoneSimulator
		{07DD5CB7-AE42-413E-B320-97007894D33E}.Release|iPhoneSimulator.Deploy.0 = Release|iPhoneSimulator
		{6C8E14C7-3811-4C91-BA32-1EEFE3EDACE4}.Debug|Any CPU.ActiveCfg = Debug|Any CPU
		{6C8E14C7-3811-4C91-BA32-1EEFE3EDACE4}.Debug|Any CPU.Build.0 = Debug|Any CPU
		{6C8E14C7-3811-4C91-BA32-1EEFE3EDACE4}.Debug|Any CPU.Deploy.0 = Debug|Any CPU
		{6C8E14C7-3811-4C91-BA32-1EEFE3EDACE4}.Debug|iPhone.ActiveCfg = Debug|Any CPU
		{6C8E14C7-3811-4C91-BA32-1EEFE3EDACE4}.Debug|iPhone.Build.0 = Debug|Any CPU
		{6C8E14C7-3811-4C91-BA32-1EEFE3EDACE4}.Debug|iPhone.Deploy.0 = Debug|Any CPU
		{6C8E14C7-3811-4C91-BA32-1EEFE3EDACE4}.Debug|iPhoneSimulator.ActiveCfg = Debug|Any CPU
		{6C8E14C7-3811-4C91-BA32-1EEFE3EDACE4}.Debug|iPhoneSimulator.Build.0 = Debug|Any CPU
		{6C8E14C7-3811-4C91-BA32-1EEFE3EDACE4}.Debug|iPhoneSimulator.Deploy.0 = Debug|Any CPU
		{6C8E14C7-3811-4C91-BA32-1EEFE3EDACE4}.Release|Any CPU.ActiveCfg = Release|Any CPU
		{6C8E14C7-3811-4C91-BA32-1EEFE3EDACE4}.Release|Any CPU.Build.0 = Release|Any CPU
		{6C8E14C7-3811-4C91-BA32-1EEFE3EDACE4}.Release|Any CPU.Deploy.0 = Release|Any CPU
		{6C8E14C7-3811-4C91-BA32-1EEFE3EDACE4}.Release|iPhone.ActiveCfg = Release|Any CPU
		{6C8E14C7-3811-4C91-BA32-1EEFE3EDACE4}.Release|iPhone.Build.0 = Release|Any CPU
		{6C8E14C7-3811-4C91-BA32-1EEFE3EDACE4}.Release|iPhone.Deploy.0 = Release|Any CPU
		{6C8E14C7-3811-4C91-BA32-1EEFE3EDACE4}.Release|iPhoneSimulator.ActiveCfg = Release|Any CPU
		{6C8E14C7-3811-4C91-BA32-1EEFE3EDACE4}.Release|iPhoneSimulator.Build.0 = Release|Any CPU
		{6C8E14C7-3811-4C91-BA32-1EEFE3EDACE4}.Release|iPhoneSimulator.Deploy.0 = Release|Any CPU
	EndGlobalSection
	GlobalSection(SolutionProperties) = preSolution
		HideSolutionNode = FALSE
	EndGlobalSection
	GlobalSection(ExtensibilityGlobals) = postSolution
		SolutionGuid = {6E3812BE-3291-467C-A3A8-5F44E51F6A5E}
	EndGlobalSection
EndGlobal
