
Microsoft Visual Studio Solution File, Format Version 12.00
# Visual Studio Version 16
VisualStudioVersion = 16.0.29613.14
MinimumVisualStudioVersion = 10.0.40219.1
Project("{FAE04EC0-301F-11D3-BF4B-00C04F79EFBC}") = "ModalPresentation.Android", "ModalPresentation\ModalPresentation.Android\ModalPresentation.Android.csproj", "{3910555D-68ED-4277-94BD-B81D2507E084}"
EndProject
Project("{FAE04EC0-301F-11D3-BF4B-00C04F79EFBC}") = "ModalPresentation.iOS", "ModalPresentation\ModalPresentation.iOS\ModalPresentation.iOS.csproj", "{11685E5E-5CB4-4ABB-B1B8-0B39CAB97F3F}"
EndProject
Project("{FAE04EC0-301F-11D3-BF4B-00C04F79EFBC}") = "ModalPresentation", "ModalPresentation\ModalPresentation\ModalPresentation.csproj", "{3B140E08-EA36-4179-85EA-9FD4314551B6}"
EndProject
Global
	GlobalSection(SolutionConfigurationPlatforms) = preSolution
		Debug|Any CPU = Debug|Any CPU
		Debug|iPhone = Debug|iPhone
		Debug|iPhoneSimulator = Debug|iPhoneSimulator
		Release|Any CPU = Release|Any CPU
		Release|iPhone = Release|iPhone
		Release|iPhoneSimulator = Release|iPhoneSimulator
	EndGlobalSection
	GlobalSection(ProjectConfigurationPlatforms) = postSolution
		{3910555D-68ED-4277-94BD-B81D2507E084}.Debug|Any CPU.ActiveCfg = Debug|Any CPU
		{3910555D-68ED-4277-94BD-B81D2507E084}.Debug|Any CPU.Build.0 = Debug|Any CPU
		{3910555D-68ED-4277-94BD-B81D2507E084}.Debug|Any CPU.Deploy.0 = Debug|Any CPU
		{3910555D-68ED-4277-94BD-B81D2507E084}.Debug|iPhone.ActiveCfg = Debug|Any CPU
		{3910555D-68ED-4277-94BD-B81D2507E084}.Debug|iPhone.Build.0 = Debug|Any CPU
		{3910555D-68ED-4277-94BD-B81D2507E084}.Debug|iPhone.Deploy.0 = Debug|Any CPU
		{3910555D-68ED-4277-94BD-B81D2507E084}.Debug|iPhoneSimulator.ActiveCfg = Debug|Any CPU
		{3910555D-68ED-4277-94BD-B81D2507E084}.Debug|iPhoneSimulator.Build.0 = Debug|Any CPU
		{3910555D-68ED-4277-94BD-B81D2507E084}.Debug|iPhoneSimulator.Deploy.0 = Debug|Any CPU
		{3910555D-68ED-4277-94BD-B81D2507E084}.Release|Any CPU.ActiveCfg = Release|Any CPU
		{3910555D-68ED-4277-94BD-B81D2507E084}.Release|Any CPU.Build.0 = Release|Any CPU
		{3910555D-68ED-4277-94BD-B81D2507E084}.Release|Any CPU.Deploy.0 = Release|Any CPU
		{3910555D-68ED-4277-94BD-B81D2507E084}.Release|iPhone.ActiveCfg = Release|Any CPU
		{3910555D-68ED-4277-94BD-B81D2507E084}.Release|iPhone.Build.0 = Release|Any CPU
		{3910555D-68ED-4277-94BD-B81D2507E084}.Release|iPhone.Deploy.0 = Release|Any CPU
		{3910555D-68ED-4277-94BD-B81D2507E084}.Release|iPhoneSimulator.ActiveCfg = Release|Any CPU
		{3910555D-68ED-4277-94BD-B81D2507E084}.Release|iPhoneSimulator.Build.0 = Release|Any CPU
		{3910555D-68ED-4277-94BD-B81D2507E084}.Release|iPhoneSimulator.Deploy.0 = Release|Any CPU
		{11685E5E-5CB4-4ABB-B1B8-0B39CAB97F3F}.Debug|Any CPU.ActiveCfg = Debug|iPhoneSimulator
		{11685E5E-5CB4-4ABB-B1B8-0B39CAB97F3F}.Debug|Any CPU.Build.0 = Debug|iPhoneSimulator
		{11685E5E-5CB4-4ABB-B1B8-0B39CAB97F3F}.Debug|Any CPU.Deploy.0 = Debug|iPhoneSimulator
		{11685E5E-5CB4-4ABB-B1B8-0B39CAB97F3F}.Debug|iPhone.ActiveCfg = Debug|iPhone
		{11685E5E-5CB4-4ABB-B1B8-0B39CAB97F3F}.Debug|iPhone.Build.0 = Debug|iPhone
		{11685E5E-5CB4-4ABB-B1B8-0B39CAB97F3F}.Debug|iPhone.Deploy.0 = Debug|iPhone
		{11685E5E-5CB4-4ABB-B1B8-0B39CAB97F3F}.Debug|iPhoneSimulator.ActiveCfg = Debug|iPhoneSimulator
		{11685E5E-5CB4-4ABB-B1B8-0B39CAB97F3F}.Debug|iPhoneSimulator.Build.0 = Debug|iPhoneSimulator
		{11685E5E-5CB4-4ABB-B1B8-0B39CAB97F3F}.Debug|iPhoneSimulator.Deploy.0 = Debug|iPhoneSimulator
		{11685E5E-5CB4-4ABB-B1B8-0B39CAB97F3F}.Release|Any CPU.ActiveCfg = Release|iPhone
		{11685E5E-5CB4-4ABB-B1B8-0B39CAB97F3F}.Release|Any CPU.Build.0 = Release|iPhone
		{11685E5E-5CB4-4ABB-B1B8-0B39CAB97F3F}.Release|Any CPU.Deploy.0 = Release|iPhone
		{11685E5E-5CB4-4ABB-B1B8-0B39CAB97F3F}.Release|iPhone.ActiveCfg = Release|iPhone
		{11685E5E-5CB4-4ABB-B1B8-0B39CAB97F3F}.Release|iPhone.Build.0 = Release|iPhone
		{11685E5E-5CB4-4ABB-B1B8-0B39CAB97F3F}.Release|iPhone.Deploy.0 = Release|iPhone
		{11685E5E-5CB4-4ABB-B1B8-0B39CAB97F3F}.Release|iPhoneSimulator.ActiveCfg = Release|iPhoneSimulator
		{11685E5E-5CB4-4ABB-B1B8-0B39CAB97F3F}.Release|iPhoneSimulator.Build.0 = Release|iPhoneSimulator
		{11685E5E-5CB4-4ABB-B1B8-0B39CAB97F3F}.Release|iPhoneSimulator.Deploy.0 = Release|iPhoneSimulator
		{3B140E08-EA36-4179-85EA-9FD4314551B6}.Debug|Any CPU.ActiveCfg = Debug|Any CPU
		{3B140E08-EA36-4179-85EA-9FD4314551B6}.Debug|Any CPU.Build.0 = Debug|Any CPU
		{3B140E08-EA36-4179-85EA-9FD4314551B6}.Debug|Any CPU.Deploy.0 = Debug|Any CPU
		{3B140E08-EA36-4179-85EA-9FD4314551B6}.Debug|iPhone.ActiveCfg = Debug|Any CPU
		{3B140E08-EA36-4179-85EA-9FD4314551B6}.Debug|iPhone.Build.0 = Debug|Any CPU
		{3B140E08-EA36-4179-85EA-9FD4314551B6}.Debug|iPhone.Deploy.0 = Debug|Any CPU
		{3B140E08-EA36-4179-85EA-9FD4314551B6}.Debug|iPhoneSimulator.ActiveCfg = Debug|Any CPU
		{3B140E08-EA36-4179-85EA-9FD4314551B6}.Debug|iPhoneSimulator.Build.0 = Debug|Any CPU
		{3B140E08-EA36-4179-85EA-9FD4314551B6}.Debug|iPhoneSimulator.Deploy.0 = Debug|Any CPU
		{3B140E08-EA36-4179-85EA-9FD4314551B6}.Release|Any CPU.ActiveCfg = Release|Any CPU
		{3B140E08-EA36-4179-85EA-9FD4314551B6}.Release|Any CPU.Build.0 = Release|Any CPU
		{3B140E08-EA36-4179-85EA-9FD4314551B6}.Release|Any CPU.Deploy.0 = Release|Any CPU
		{3B140E08-EA36-4179-85EA-9FD4314551B6}.Release|iPhone.ActiveCfg = Release|Any CPU
		{3B140E08-EA36-4179-85EA-9FD4314551B6}.Release|iPhone.Build.0 = Release|Any CPU
		{3B140E08-EA36-4179-85EA-9FD4314551B6}.Release|iPhone.Deploy.0 = Release|Any CPU
		{3B140E08-EA36-4179-85EA-9FD4314551B6}.Release|iPhoneSimulator.ActiveCfg = Release|Any CPU
		{3B140E08-EA36-4179-85EA-9FD4314551B6}.Release|iPhoneSimulator.Build.0 = Release|Any CPU
		{3B140E08-EA36-4179-85EA-9FD4314551B6}.Release|iPhoneSimulator.Deploy.0 = Release|Any CPU
	EndGlobalSection
	GlobalSection(SolutionProperties) = preSolution
		HideSolutionNode = FALSE
	EndGlobalSection
	GlobalSection(ExtensibilityGlobals) = postSolution
		SolutionGuid = {67EF2860-B849-4014-901D-6E154FC79E5E}
	EndGlobalSection
EndGlobal
