
Microsoft Visual Studio Solution File, Format Version 12.00
# Visual Studio Version 16
VisualStudioVersion = 16.0.29102.190
MinimumVisualStudioVersion = 10.0.40219.1
Project("{FAE04EC0-301F-11D3-BF4B-00C04F79EFBC}") = "HelloWorld", "HelloWorld\HelloWorld.csproj", "{5E924849-7F7C-4DBC-BF16-5F3D8C001FC2}"
EndProject
Global
	GlobalSection(SolutionConfigurationPlatforms) = preSolution
		Debug|Any CPU = Debug|Any CPU
		Release|Any CPU = Release|Any CPU
	EndGlobalSection
	GlobalSection(ProjectConfigurationPlatforms) = postSolution
		{5E924849-7F7C-4DBC-BF16-5F3D8C001FC2}.Debug|Any CPU.ActiveCfg = Debug|Any CPU
		{5E924849-7F7C-4DBC-BF16-5F3D8C001FC2}.Debug|Any CPU.Build.0 = Debug|Any CPU
		{5E924849-7F7C-4DBC-BF16-5F3D8C001FC2}.Release|Any CPU.ActiveCfg = Release|Any CPU
		{5E924849-7F7C-4DBC-BF16-5F3D8C001FC2}.Release|Any CPU.Build.0 = Release|Any CPU
	EndGlobalSection
	GlobalSection(SolutionProperties) = preSolution
		HideSolutionNode = FALSE
	EndGlobalSection
	GlobalSection(ExtensibilityGlobals) = postSolution
		SolutionGuid = {67EE1807-2AD8-409C-BD93-CFC9FACF0619}
	EndGlobalSection
EndGlobal
